
Microsoft Visual Studio Solution File, Format Version 12.00
Project("{FAE04EC0-301F-11D3-BF4B-00C04F79EFBC}") = "DavidSiteEm", "DavidSiteEm\DavidSiteEm.csproj", "{350B0613-F6A4-4E73-B468-AF0F4A99FDDD}"
EndProject
Global
	GlobalSection(SolutionConfigurationPlatforms) = preSolution
		Debug|Any CPU = Debug|Any CPU
		Release|Any CPU = Release|Any CPU
	EndGlobalSection
	GlobalSection(ProjectConfigurationPlatforms) = postSolution
		{350B0613-F6A4-4E73-B468-AF0F4A99FDDD}.Debug|Any CPU.ActiveCfg = Debug|Any CPU
		{350B0613-F6A4-4E73-B468-AF0F4A99FDDD}.Debug|Any CPU.Build.0 = Debug|Any CPU
		{350B0613-F6A4-4E73-B468-AF0F4A99FDDD}.Release|Any CPU.ActiveCfg = Release|Any CPU
		{350B0613-F6A4-4E73-B468-AF0F4A99FDDD}.Release|Any CPU.Build.0 = Release|Any CPU
	EndGlobalSection
EndGlobal
